Microsoft Visual Studio Solution File, Format Version 12.00
# Visual Studio 14
VisualStudioVersion = 14.0.23107.0
MinimumVisualStudioVersion = 10.0.40219.1
Project("{8BC9CEB8-8B4A-11D0-8D11-00A0C91BC942}") = "Circumstellar", "Circumstellar.vcxproj", "{3FB9C3E4-113D-4717-B220-7F4FB2E7B442}"
EndProject
Project("{2150E333-8FDC-42A3-9474-1A3956D46DE8}") = "Previz", "Previz", "{D1DB231B-0597-4EB7-B794-D6CF1FECAD0C}"
EndProject
Project("{8BC9CEB8-8B4A-11D0-8D11-00A0C91BC942}") = "CoordConvertTest", "..\_tests\CoordConvertTest\vc2015\CoordConvertTest.vcxproj", "{314D9CDD-D928-4F6F-A2DB-F510D001596D}"
EndProject
Project("{8BC9CEB8-8B4A-11D0-8D11-00A0C91BC942}") = "DustPreviz", "..\_tests\DustPreviz\vc2015\DustPreviz.vcxproj", "{186C2B54-F5A3-4381-B86E-731D341A3C33}"
EndProject
Project("{8BC9CEB8-8B4A-11D0-8D11-00A0C91BC942}") = "DustTest", "..\_tests\DustTest\vc2015\DustTest.vcxproj", "{DAF0922F-4FE0-4201-A337-6950E838EA29}"
EndProject
Project("{8BC9CEB8-8B4A-11D0-8D11-00A0C91BC942}") = "TFMultiAttr", "..\_tests\TFMultiAttr\vc2015\TFMultiAttr.vcxproj", "{DDCBFD43-5BFB-4150-A00A-409FC3529591}"
EndProject
Project("{8BC9CEB8-8B4A-11D0-8D11-00A0C91BC942}") = "BlackHoleGPU", "..\_tests\BlackHoleGPU\vc2013\BlackHoleGPU.vcxproj", "{801E2EA6-FEC5-458C-AE73-235DBF43C701}"
EndProject
Project("{8BC9CEB8-8B4A-11D0-8D11-00A0C91BC942}") = "SkipComponents", "..\_tests\SkipComponents\vc2015\SkipComponents.vcxproj", "{A76552AC-9C2B-46B0-BA13-7D54491AAFAE}"
EndProject
Global
	GlobalSection(SolutionConfigurationPlatforms) = preSolution
		Debug|x64 = Debug|x64
		Release|x64 = Release|x64
	EndGlobalSection
	GlobalSection(ProjectConfigurationPlatforms) = postSolution
		{3FB9C3E4-113D-4717-B220-7F4FB2E7B442}.Debug|x64.ActiveCfg = Debug|x64
		{3FB9C3E4-113D-4717-B220-7F4FB2E7B442}.Debug|x64.Build.0 = Debug|x64
		{3FB9C3E4-113D-4717-B220-7F4FB2E7B442}.Release|x64.ActiveCfg = Release|x64
		{3FB9C3E4-113D-4717-B220-7F4FB2E7B442}.Release|x64.Build.0 = Release|x64
		{314D9CDD-D928-4F6F-A2DB-F510D001596D}.Debug|x64.ActiveCfg = Debug|x64
		{314D9CDD-D928-4F6F-A2DB-F510D001596D}.Debug|x64.Build.0 = Debug|x64
		{314D9CDD-D928-4F6F-A2DB-F510D001596D}.Release|x64.ActiveCfg = Release|x64
		{314D9CDD-D928-4F6F-A2DB-F510D001596D}.Release|x64.Build.0 = Release|x64
		{186C2B54-F5A3-4381-B86E-731D341A3C33}.Debug|x64.ActiveCfg = Debug|x64
		{186C2B54-F5A3-4381-B86E-731D341A3C33}.Debug|x64.Build.0 = Debug|x64
		{186C2B54-F5A3-4381-B86E-731D341A3C33}.Release|x64.ActiveCfg = Release|x64
		{186C2B54-F5A3-4381-B86E-731D341A3C33}.Release|x64.Build.0 = Release|x64
		{DAF0922F-4FE0-4201-A337-6950E838EA29}.Debug|x64.ActiveCfg = Debug|x64
		{DAF0922F-4FE0-4201-A337-6950E838EA29}.Debug|x64.Build.0 = Debug|x64
		{DAF0922F-4FE0-4201-A337-6950E838EA29}.Release|x64.ActiveCfg = Release|x64
		{DAF0922F-4FE0-4201-A337-6950E838EA29}.Release|x64.Build.0 = Release|x64
		{DDCBFD43-5BFB-4150-A00A-409FC3529591}.Debug|x64.ActiveCfg = Debug|x64
		{DDCBFD43-5BFB-4150-A00A-409FC3529591}.Debug|x64.Build.0 = Debug|x64
		{DDCBFD43-5BFB-4150-A00A-409FC3529591}.Release|x64.ActiveCfg = Release|x64
		{DDCBFD43-5BFB-4150-A00A-409FC3529591}.Release|x64.Build.0 = Release|x64
		{801E2EA6-FEC5-458C-AE73-235DBF43C701}.Debug|x64.ActiveCfg = Debug|x64
		{801E2EA6-FEC5-458C-AE73-235DBF43C701}.Debug|x64.Build.0 = Debug|x64
		{801E2EA6-FEC5-458C-AE73-235DBF43C701}.Release|x64.ActiveCfg = Release|x64
		{801E2EA6-FEC5-458C-AE73-235DBF43C701}.Release|x64.Build.0 = Release|x64
		{A76552AC-9C2B-46B0-BA13-7D54491AAFAE}.Debug|x64.ActiveCfg = Debug|x64
		{A76552AC-9C2B-46B0-BA13-7D54491AAFAE}.Debug|x64.Build.0 = Debug|x64
		{A76552AC-9C2B-46B0-BA13-7D54491AAFAE}.Release|x64.ActiveCfg = Release|x64
		{A76552AC-9C2B-46B0-BA13-7D54491AAFAE}.Release|x64.Build.0 = Release|x64
	EndGlobalSection
	GlobalSection(SolutionProperties) = preSolution
		HideSolutionNode = FALSE
	EndGlobalSection
	GlobalSection(NestedProjects) = preSolution
		{314D9CDD-D928-4F6F-A2DB-F510D001596D} = {D1DB231B-0597-4EB7-B794-D6CF1FECAD0C}
		{186C2B54-F5A3-4381-B86E-731D341A3C33} = {D1DB231B-0597-4EB7-B794-D6CF1FECAD0C}
		{DAF0922F-4FE0-4201-A337-6950E838EA29} = {D1DB231B-0597-4EB7-B794-D6CF1FECAD0C}
		{DDCBFD43-5BFB-4150-A00A-409FC3529591} = {D1DB231B-0597-4EB7-B794-D6CF1FECAD0C}
		{801E2EA6-FEC5-458C-AE73-235DBF43C701} = {D1DB231B-0597-4EB7-B794-D6CF1FECAD0C}
		{A76552AC-9C2B-46B0-BA13-7D54491AAFAE} = {D1DB231B-0597-4EB7-B794-D6CF1FECAD0C}
	EndGlobalSection
EndGlobal
